github.com/auyer/steganography v1.0.2 h1:G5iZbX8QUvw+kCLyK+59hY8t/oSSpSS5yStIcPCGIgU=
github.com/auyer/steganography v1.0.2/go.mod h1:Q2qN+f1ixaXnKTCT4xkSDCZ/5NiOpUeTgOCLwQdJD+A=
github.com/pkg/errors v0.9.1 h1:FEBLx1zS214owpjy7qsBeixbURkuhQAwrK5UwLGTwt4=
github.com/pkg/errors v0.9.1/go.mod h1:bwawxfHBFNV+L2hUp1rHADufV3IMtnDRdf1r5NINEl0=
